Microsoft Visual Studio Solution File, Format Version 11.00
# Visual Studio 2008

Project("{F878E04A-0F37-C493-0652-A1DDCCF49174}") = "Game Studio Project", "Assembly-CSharp-firstpass.csproj", "{66CE4F0E-8444-35D8-B461-666F04D9723C}"
EndProject
Project("{F878E04A-0F37-C493-0652-A1DDCCF49174}") = "Game Studio Project", "Assembly-CSharp.csproj", "{72A5ABA5-082D-E940-6175-059FF272D339}"
EndProject
Project("{F878E04A-0F37-C493-0652-A1DDCCF49174}") = "Game Studio Project", "Assembly-CSharp-Editor.csproj", "{AC09AB73-D9F1-0056-EE83-74C60A8433BF}"
EndProject
Global
	GlobalSection(SolutionConfigurationPlatforms) = preSolution
		Debug|Any CPU = Debug|Any CPU
		Release|Any CPU = Release|Any CPU
	EndGlobalSection
	GlobalSection(ProjectConfigurationPlatforms) = postSolution
		{66CE4F0E-8444-35D8-B461-666F04D9723C}.Debug|Any CPU.ActiveCfg = Debug|Any CPU
		{66CE4F0E-8444-35D8-B461-666F04D9723C}.Debug|Any CPU.Build.0 = Debug|Any CPU
		{66CE4F0E-8444-35D8-B461-666F04D9723C}.Release|Any CPU.ActiveCfg = Release|Any CPU
		{66CE4F0E-8444-35D8-B461-666F04D9723C}.Release|Any CPU.Build.0 = Release|Any CPU
		{72A5ABA5-082D-E940-6175-059FF272D339}.Debug|Any CPU.ActiveCfg = Debug|Any CPU
		{72A5ABA5-082D-E940-6175-059FF272D339}.Debug|Any CPU.Build.0 = Debug|Any CPU
		{72A5ABA5-082D-E940-6175-059FF272D339}.Release|Any CPU.ActiveCfg = Release|Any CPU
		{72A5ABA5-082D-E940-6175-059FF272D339}.Release|Any CPU.Build.0 = Release|Any CPU
		{AC09AB73-D9F1-0056-EE83-74C60A8433BF}.Debug|Any CPU.ActiveCfg = Debug|Any CPU
		{AC09AB73-D9F1-0056-EE83-74C60A8433BF}.Debug|Any CPU.Build.0 = Debug|Any CPU
		{AC09AB73-D9F1-0056-EE83-74C60A8433BF}.Release|Any CPU.ActiveCfg = Release|Any CPU
		{AC09AB73-D9F1-0056-EE83-74C60A8433BF}.Release|Any CPU.Build.0 = Release|Any CPU
	EndGlobalSection
	GlobalSection(SolutionProperties) = preSolution
		HideSolutionNode = FALSE
	EndGlobalSection
	GlobalSection(MonoDevelopProperties) = preSolution
		StartupItem = Assembly-CSharp.csproj
	EndGlobalSection
EndGlobal
